// !$*UTF8*$!
{
	archiveVersion = 1;
	classes = {
	};
	objectVersion = 50;
	objects = {

/* Begin PBXBuildFile section */
		BEC32B8C256341DB005D881D /* AppDelegate.swift in Sources */ = {isa = PBXBuildFile; fileRef = BEC32B8B256341DB005D881D /* AppDelegate.swift */; };
		BEC32B8E256341DB005D881D /* SceneDelegate.swift in Sources */ = {isa = PBXBuildFile; fileRef = BEC32B8D256341DB005D881D /* SceneDelegate.swift */; };
		BEC32B90256341DB005D881D /* ViewController.swift in Sources */ = {isa = PBXBuildFile; fileRef = BEC32B8F256341DB005D881D /* ViewController.swift */; };
		BEC32B93256341DB005D881D /* Main.storyboard in Resources */ = {isa = PBXBuildFile; fileRef = BEC32B91256341DB005D881D /* Main.storyboard */; };
		BEC32B95256341DE005D881D /* Assets.xcassets in Resources */ = {isa = PBXBuildFile; fileRef = BEC32B94256341DE005D881D /* Assets.xcassets */; };
		BEC32B98256341DE005D881D /* LaunchScreen.storyboard in Resources */ = {isa = PBXBuildFile; fileRef = BEC32B96256341DE005D881D /* LaunchScreen.storyboard */; };
		BEC32BAB25635F9F005D881D /* moises.m4a in Resources */ = {isa = PBXBuildFile; fileRef = BEC32BAA25635F9F005D881D /* moises.m4a */; };
/* End PBXBuildFile section */

/* Begin PBXFileReference section */
		BEC32B88256341DB005D881D /* Raquete do Guda.app */ = {isa = PBXFileReference; explicitFileType = wrapper.application; includeInIndex = 0; path = "Raquete do Guda.app"; sourceTree = BUILT_PRODUCTS_DIR; };
		BEC32B8B256341DB005D881D /* AppDelegate.swift */ = {isa = PBXFileReference; lastKnownFileType = sourcecode.swift; path = AppDelegate.swift; sourceTree = "<group>"; };
		BEC32B8D256341DB005D881D /* SceneDelegate.swift */ = {isa = PBXFileReference; lastKnownFileType = sourcecode.swift; path = SceneDelegate.swift; sourceTree = "<group>"; };
		BEC32B8F256341DB005D881D /* ViewController.swift */ = {isa = PBXFileReference; lastKnownFileType = sourcecode.swift; path = ViewController.swift; sourceTree = "<group>"; };
		BEC32B92256341DB005D881D /* Base */ = {isa = PBXFileReference; lastKnownFileType = file.storyboard; name = Base; path = Base.lproj/Main.storyboard; sourceTree = "<group>"; };
		BEC32B94256341DE005D881D /* Assets.xcassets */ = {isa = PBXFileReference; lastKnownFileType = folder.assetcatalog; path = Assets.xcassets; sourceTree = "<group>"; };
		BEC32B97256341DE005D881D /* Base */ = {isa = PBXFileReference; lastKnownFileType = file.storyboard; name = Base; path = Base.lproj/LaunchScreen.storyboard; sourceTree = "<group>"; };
		BEC32B99256341DE005D881D /* Info.plist */ = {isa = PBXFileReference; lastKnownFileType = text.plist.xml; path = Info.plist; sourceTree = "<group>"; };
		BEC32BAA25635F9F005D881D /* moises.m4a */ = {isa = PBXFileReference; lastKnownFileType = file; path = moises.m4a; sourceTree = "<group>"; };
/* End PBXFileReference section */

/* Begin PBXFrameworksBuildPhase section */
		BEC32B85256341DB005D881D /* Frameworks */ = {
			isa = PBXFrameworksBuildPhase;
			buildActionMask = 2147483647;
			files = (
			);
			runOnlyForDeploymentPostprocessing = 0;
		};
/* End PBXFrameworksBuildPhase section */

/* Begin PBXGroup section */
		BEC32B7F256341DB005D881D = {
			isa = PBXGroup;
			children = (
				BEC32B8A256341DB005D881D /* Raquete do Guda */,
				BEC32B89256341DB005D881D /* Products */,
			);
			sourceTree = "<group>";
		};
		BEC32B89256341DB005D881D /* Products */ = {
			isa = PBXGroup;
			children = (
				BEC32B88256341DB005D881D /* Raquete do Guda.app */,
			);
			name = Products;
			sourceTree = "<group>";
		};
		BEC32B8A256341DB005D881D /* Raquete do Guda */ = {
			isa = PBXGroup;
			children = (
				BEC32BA025635D6B005D881D /* Sounds */,
				BEC32B8B256341DB005D881D /* AppDelegate.swift */,
				BEC32B8D256341DB005D881D /* SceneDelegate.swift */,
				BEC32B8F256341DB005D881D /* ViewController.swift */,
				BEC32B91256341DB005D881D /* Main.storyboard */,
				BEC32B94256341DE005D881D /* Assets.xcassets */,
				BEC32B96256341DE005D881D /* LaunchScreen.storyboard */,
				BEC32B99256341DE005D881D /* Info.plist */,
			);
			path = "Raquete do Guda";
			sourceTree = "<group>";
		};
		BEC32BA025635D6B005D881D /* Sounds */ = {
			isa = PBXGroup;
			children = (
				BEC32BAA25635F9F005D881D /* moises.m4a */,
			);
			path = Sounds;
			sourceTree = "<group>";
		};
/* End PBXGroup section */

/* Begin PBXNativeTarget section */
		BEC32B87256341DB005D881D /* Raquete do Guda */ = {
			isa = PBXNativeTarget;
			buildConfigurationList = BEC32B9C256341DE005D881D /* Build configuration list for PBXNativeTarget "Raquete do Guda" */;
			buildPhases = (
				BEC32B84256341DB005D881D /* Sources */,
				BEC32B85256341DB005D881D /* Frameworks */,
				BEC32B86256341DB005D881D /* Resources */,
			);
			buildRules = (
			);
			dependencies = (
			);
			name = "Raquete do Guda";
			productName = "Raquete do Guda";
			productReference = BEC32B88256341DB005D881D /* Raquete do Guda.app */;
			productType = "com.apple.product-type.application";
		};
/* End PBXNativeTarget section */

/* Begin PBXProject section */
		BEC32B80256341DB005D881D /* Project object */ = {
			isa = PBXProject;
			attributes = {
				LastSwiftUpdateCheck = 1210;
				LastUpgradeCheck = 1210;
				TargetAttributes = {
					BEC32B87256341DB005D881D = {
						CreatedOnToolsVersion = 12.1;
					};
				};
			};
			buildConfigurationList = BEC32B83256341DB005D881D /* Build configuration list for PBXProject "Raquete do Guda" */;
			compatibilityVersion = "Xcode 9.3";
			developmentRegion = en;
			hasScannedForEncodings = 0;
			knownRegions = (
				en,
				Base,
			);
			mainGroup = BEC32B7F256341DB005D881D;
			productRefGroup = BEC32B89256341DB005D881D /* Products */;
			projectDirPath = "";
			projectRoot = "";
			targets = (
				BEC32B87256341DB005D881D /* Raquete do Guda */,
			);
		};
/* End PBXProject section */

/* Begin PBXResourcesBuildPhase section */
		BEC32B86256341DB005D881D /* Resources */ = {
			isa = PBXResourcesBuildPhase;
			buildActionMask = 2147483647;
			files = (
				BEC32B98256341DE005D881D /* LaunchScreen.storyboard in Resources */,
				BEC32B95256341DE005D881D /* Assets.xcassets in Resources */,
				BEC32BAB25635F9F005D881D /* moises.m4a in Resources */,
				BEC32B93256341DB005D881D /* Main.storyboard in Resources */,
			);
			runOnlyForDeploymentPostprocessing = 0;
		};
/* End PBXResourcesBuildPhase section */

/* Begin PBXSourcesBuildPhase section */
		BEC32B84256341DB005D881D /* Sources */ = {
			isa = PBXSourcesBuildPhase;
			buildActionMask = 2147483647;
			files = (
				BEC32B90256341DB005D881D /* ViewController.swift in Sources */,
				BEC32B8C256341DB005D881D /* AppDelegate.swift in Sources */,
				BEC32B8E256341DB005D881D /* SceneDelegate.swift in Sources */,
			);
			runOnlyForDeploymentPostprocessing = 0;
		};
/* End PBXSourcesBuildPhase section */

/* Begin PBXVariantGroup section */
		BEC32B91256341DB005D881D /* Main.storyboard */ = {
			isa = PBXVariantGroup;
			children = (
				BEC32B92256341DB005D881D /* Base */,
			);
			name = Main.storyboard;
			sourceTree = "<group>";
		};
		BEC32B96256341DE005D881D /* LaunchScreen.storyboard */ = {
			isa = PBXVariantGroup;
			children = (
				BEC32B97256341DE005D881D /* Base */,
			);
			name = LaunchScreen.storyboard;
			sourceTree = "<group>";
		};
/* End PBXVariantGroup section */

/* Begin XCBuildConfiguration section */
		BEC32B9A256341DE005D881D /* Debug */ = {
			isa = XCBuildConfiguration;
			buildSettings = {
				ALWAYS_SEARCH_USER_PATHS = NO;
				CLANG_ANALYZER_NONNULL = YES;
				CLANG_ANALYZER_NUMBER_OBJECT_CONVERSION = YES_AGGRESSIVE;
				CLANG_CXX_LANGUAGE_STANDARD = "gnu++14";
				CLANG_CXX_LIBRARY = "libc++";
				CLANG_ENABLE_MODULES = YES;
				CLANG_ENABLE_OBJC_ARC = YES;
				CLANG_ENABLE_OBJC_WEAK = YES;
				CLANG_WARN_BLOCK_CAPTURE_AUTORELEASING = YES;
				CLANG_WARN_BOOL_CONVERSION = YES;
				CLANG_WARN_COMMA = YES;
				CLANG_WARN_CONSTANT_CONVERSION = YES;
				CLANG_WARN_DEPRECATED_OBJC_IMPLEMENTATIONS = YES;
				CLANG_WARN_DIRECT_OBJC_ISA_USAGE = YES_ERROR;
				CLANG_WARN_DOCUMENTATION_COMMENTS = YES;
				CLANG_WARN_EMPTY_BODY = YES;
				CLANG_WARN_ENUM_CONVERSION = YES;
				CLANG_WARN_INFINITE_RECURSION = YES;
				CLANG_WARN_INT_CONVERSION = YES;
				CLANG_WARN_NON_LITERAL_NULL_CONVERSION = YES;
				CLANG_WARN_OBJC_IMPLICIT_RETAIN_SELF = YES;
				CLANG_WARN_OBJC_LITERAL_CONVERSION = YES;
				CLANG_WARN_OBJC_ROOT_CLASS = YES_ERROR;
				CLANG_WARN_QUOTED_INCLUDE_IN_FRAMEWORK_HEADER = YES;
				CLANG_WARN_RANGE_LOOP_ANALYSIS = YES;
				CLANG_WARN_STRICT_PROTOTYPES = YES;
				CLANG_WARN_SUSPICIOUS_MOVE = YES;
				CLANG_WARN_UNGUARDED_AVAILABILITY = YES_AGGRESSIVE;
				CLANG_WARN_UNREACHABLE_CODE = YES;
				CLANG_WARN__DUPLICATE_METHOD_MATCH = YES;
				COPY_PHASE_STRIP = NO;
				DEBUG_INFORMATION_FORMAT = dwarf;
				ENABLE_STRICT_OBJC_MSGSEND = YES;
				ENABLE_TESTABILITY = YES;
				GCC_C_LANGUAGE_STANDARD = gnu11;
				GCC_DYNAMIC_NO_PIC = NO;
				GCC_NO_COMMON_BLOCKS = YES;
				GCC_OPTIMIZATION_LEVEL = 0;
				GCC_PREPROCESSOR_DEFINITIONS = (
					"DEBUG=1",
					"$(inherited)",
				);
				GCC_WARN_64_TO_32_BIT_CONVERSION = YES;
				GCC_WARN_ABOUT_RETURN_TYPE = YES_ERROR;
				GCC_WARN_UNDECLARED_SELECTOR = YES;
				GCC_WARN_UNINITIALIZED_AUTOS = YES_AGGRESSIVE;
				GCC_WARN_UNUSED_FUNCTION = YES;
				GCC_WARN_UNUSED_VARIABLE = YES;
				IPHONEOS_DEPLOYMENT_TARGET = 14.1;
				MTL_ENABLE_DEBUG_INFO = INCLUDE_SOURCE;
				MTL_FAST_MATH = YES;
				ONLY_ACTIVE_ARCH = YES;
				SDKROOT = iphoneos;
				SWIFT_ACTIVE_COMPILATION_CONDITIONS = DEBUG;
				SWIFT_OPTIMIZATION_LEVEL = "-Onone";
			};
			name = Debug;
		};
		BEC32B9B256341DE005D881D /* Release */ = {
			isa = XCBuildConfiguration;
			buildSettings = {
				ALWAYS_SEARCH_USER_PATHS = NO;
				CLANG_ANALYZER_NONNULL = YES;
				CLANG_ANALYZER_NUMBER_OBJECT_CONVERSION = YES_AGGRESSIVE;
				CLANG_CXX_LANGUAGE_STANDARD = "gnu++14";
				CLANG_CXX_LIBRARY = "libc++";
				CLANG_ENABLE_MODULES = YES;
				CLANG_ENABLE_OBJC_ARC = YES;
				CLANG_ENABLE_OBJC_WEAK = YES;
				CLANG_WARN_BLOCK_CAPTURE_AUTORELEASING = YES;
				CLANG_WARN_BOOL_CONVERSION = YES;
				CLANG_WARN_COMMA = YES;
				CLANG_WARN_CONSTANT_CONVERSION = YES;
				CLANG_WARN_DEPRECATED_OBJC_IMPLEMENTATIONS = YES;
				CLANG_WARN_DIRECT_OBJC_ISA_USAGE = YES_ERROR;
				CLANG_WARN_DOCUMENTATION_COMMENTS = YES;
				CLANG_WARN_EMPTY_BODY = YES;
				CLANG_WARN_ENUM_CONVERSION = YES;
				CLANG_WARN_INFINITE_RECURSION = YES;
				CLANG_WARN_INT_CONVERSION = YES;
				CLANG_WARN_NON_LITERAL_NULL_CONVERSION = YES;
				CLANG_WARN_OBJC_IMPLICIT_RETAIN_SELF = YES;
				CLANG_WARN_OBJC_LITERAL_CONVERSION = YES;
				CLANG_WARN_OBJC_ROOT_CLASS = YES_ERROR;
				CLANG_WARN_QUOTED_INCLUDE_IN_FRAMEWORK_HEADER = YES;
				CLANG_WARN_RANGE_LOOP_ANALYSIS = YES;
				CLANG_WARN_STRICT_PROTOTYPES = YES;
				CLANG_WARN_SUSPICIOUS_MOVE = YES;
				CLANG_WARN_UNGUARDED_AVAILABILITY = YES_AGGRESSIVE;
				CLANG_WARN_UNREACHABLE_CODE = YES;
				CLANG_WARN__DUPLICATE_METHOD_MATCH = YES;
				COPY_PHASE_STRIP = NO;
				DEBUG_INFORMATION_FORMAT = "dwarf-with-dsym";
				ENABLE_NS_ASSERTIONS = NO;
				ENABLE_STRICT_OBJC_MSGSEND = YES;
				GCC_C_LANGUAGE_STANDARD = gnu11;
				GCC_NO_COMMON_BLOCKS = YES;
				GCC_WARN_64_TO_32_BIT_CONVERSION = YES;
				GCC_WARN_ABOUT_RETURN_TYPE = YES_ERROR;
				GCC_WARN_UNDECLARED_SELECTOR = YES;
				GCC_WARN_UNINITIALIZED_AUTOS = YES_AGGRESSIVE;
				GCC_WARN_UNUSED_FUNCTION = YES;
				GCC_WARN_UNUSED_VARIABLE = YES;
				IPHONEOS_DEPLOYMENT_TARGET = 14.1;
				MTL_ENABLE_DEBUG_INFO = NO;
				MTL_FAST_MATH = YES;
				SDKROOT = iphoneos;
				SWIFT_COMPILATION_MODE = wholemodule;
				SWIFT_OPTIMIZATION_LEVEL = "-O";
				VALIDATE_PRODUCT = YES;
			};
			name = Release;
		};
		BEC32B9D256341DE005D881D /* Debug */ = {
			isa = XCBuildConfiguration;
			buildSettings = {
				ASSETCATALOG_COMPILER_APPICON_NAME = AppIcon;
				ASSETCATALOG_COMPILER_GLOBAL_ACCENT_COLOR_NAME = AccentColor;
				CODE_SIGN_STYLE = Automatic;
				DEVELOPMENT_TEAM = 9S8UE9T8R2;
				INFOPLIST_FILE = "Raquete do Guda/Info.plist";
				LD_RUNPATH_SEARCH_PATHS = (
					"$(inherited)",
					"@executable_path/Frameworks",
				);
				PRODUCT_BUNDLE_IDENTIFIER = "codes.alessandra.Raquete-do-Guda";
				PRODUCT_NAME = "$(TARGET_NAME)";
				SWIFT_VERSION = 5.0;
				TARGETED_DEVICE_FAMILY = "1,2";
			};
			name = Debug;
		};
		BEC32B9E256341DE005D881D /* Release */ = {
			isa = XCBuildConfiguration;
			buildSettings = {
				ASSETCATALOG_COMPILER_APPICON_NAME = AppIcon;
				ASSETCATALOG_COMPILER_GLOBAL_ACCENT_COLOR_NAME = AccentColor;
				CODE_SIGN_STYLE = Automatic;
				DEVELOPMENT_TEAM = 9S8UE9T8R2;
				INFOPLIST_FILE = "Raquete do Guda/Info.plist";
				LD_RUNPATH_SEARCH_PATHS = (
					"$(inherited)",
					"@executable_path/Frameworks",
				);
				PRODUCT_BUNDLE_IDENTIFIER = "codes.alessandra.Raquete-do-Guda";
				PRODUCT_NAME = "$(TARGET_NAME)";
				SWIFT_VERSION = 5.0;
				TARGETED_DEVICE_FAMILY = "1,2";
			};
			name = Release;
		};
/* End XCBuildConfiguration section */

/* Begin XCConfigurationList section */
		BEC32B83256341DB005D881D /* Build configuration list for PBXProject "Raquete do Guda" */ = {
			isa = XCConfigurationList;
			buildConfigurations = (
				BEC32B9A256341DE005D881D /* Debug */,
				BEC32B9B256341DE005D881D /* Release */,
			);
			defaultConfigurationIsVisible = 0;
			defaultConfigurationName = Release;
		};
		BEC32B9C256341DE005D881D /* Build configuration list for PBXNativeTarget "Raquete do Guda" */ = {
			isa = XCConfigurationList;
			buildConfigurations = (
				BEC32B9D256341DE005D881D /* Debug */,
				BEC32B9E256341DE005D881D /* Release */,
			);
			defaultConfigurationIsVisible = 0;
			defaultConfigurationName = Release;
		};
/* End XCConfigurationList section */
	};
	rootObject = BEC32B80256341DB005D881D /* Project object */;
}
